{
  "name": "package-d",
  "version": "1.0.1",
  "lockfileVersion": 2,
  "requires": true,
  "packages": {
    "": {
      "name": "package-d",
      "version": "1.0.1",
      "license": "ISC",
      "dependencies": {
        "package-m": "file:../package-m/",
        "package-x": "file:../package-x/"
      },
      "peerDependencies": {
        "package-r": "file:../package-r/"
      }
    },
    "../package-m": {
      "version": "1.0.1",
      "license": "ISC",
      "peerDependencies": {
        "package-r": "file:../package-r/"
      }
    },
    "../package-r": {
      "version": "1.0.1",
      "license": "ISC",
      "peer": true
    },
    "../package-x": {
      "version": "1.0.1",
      "license": "ISC",
      "peerDependencies": {
        "package-r": "file:../package-r/"
      }
    },
    "node_modules/package-m": {
      "resolved": "../package-m",
      "link": true
    },
    "node_modules/package-r": {
      "resolved": "../package-r",
      "link": true
    },
    "node_modules/package-x": {
      "resolved": "../package-x",
      "link": true
    }
  },
  "dependencies": {
    "package-m": {
      "version": "file:../package-m",
      "requires": {}
    },
    "package-r": {
      "version": "file:../package-r"
    },
    "package-x": {
      "version": "file:../package-x",
      "requires": {}
    }
  }
}
